
Microsoft Visual Studio Solution File, Format Version 12.00
# Visual Studio Version 16
VisualStudioVersion = 16.0.33529.622
MinimumVisualStudioVersion = 10.0.40219.1
Project("{9A19103F-16F7-4668-BE54-9A1E7A4F7556}") = "Baikiemtra", "C:\Users\Administrator\Desktop\bài ôn\BaiHomNay\DPM205XXX-QLHS\Baikiemtra.csproj", "{D2BC4198-EBD0-45A5-A402-96C36073C002}"
EndProject
Project("{9A19103F-16F7-4668-BE54-9A1E7A4F7556}") = "Infrastructure", "C:\Users\Administrator\Desktop\bài ôn\BaiHomNay\Infrastructure\Infrastructure.csproj", "{BAE39A7D-0CBE-4717-B7AE-6935210C4538}"
EndProject
Global
	GlobalSection(SolutionConfigurationPlatforms) = preSolution
		Debug|Any CPU = Debug|Any CPU
		Release|Any CPU = Release|Any CPU
	EndGlobalSection
	GlobalSection(ProjectConfigurationPlatforms) = postSolution
		{D2BC4198-EBD0-45A5-A402-96C36073C002}.Debug|Any CPU.ActiveCfg = Debug|Any CPU
		{D2BC4198-EBD0-45A5-A402-96C36073C002}.Debug|Any CPU.Build.0 = Debug|Any CPU
		{D2BC4198-EBD0-45A5-A402-96C36073C002}.Release|Any CPU.ActiveCfg = Release|Any CPU
		{D2BC4198-EBD0-45A5-A402-96C36073C002}.Release|Any CPU.Build.0 = Release|Any CPU
		{BAE39A7D-0CBE-4717-B7AE-6935210C4538}.Debug|Any CPU.ActiveCfg = Debug|Any CPU
		{BAE39A7D-0CBE-4717-B7AE-6935210C4538}.Debug|Any CPU.Build.0 = Debug|Any CPU
		{BAE39A7D-0CBE-4717-B7AE-6935210C4538}.Release|Any CPU.ActiveCfg = Release|Any CPU
		{BAE39A7D-0CBE-4717-B7AE-6935210C4538}.Release|Any CPU.Build.0 = Release|Any CPU
	EndGlobalSection
	GlobalSection(SolutionProperties) = preSolution
		HideSolutionNode = FALSE
	EndGlobalSection
	GlobalSection(ExtensibilityGlobals) = postSolution
		SolutionGuid = {505905DA-C439-441F-8B6A-1FABAFBD8063}
	EndGlobalSection
EndGlobal
